{
  "version": 4,
  "terraform_version": "1.3.6",
  "serial": 146,
  "lineage": "caebc4a7-b8af-30ef-0086-459c3f530d72",
  "outputs": {},
  "resources": [
    {
      "mode": "managed",
      "type": "aws_eip",
      "name": "ec2_eip",
      "provider": "provider[\"registry.terraform.io/hashicorp/aws\"]",
      "instances": [
        {
          "schema_version": 0,
          "attributes": {
            "address": null,
            "allocation_id": "eipalloc-0869143b4965c3087",
            "associate_with_private_ip": null,
            "association_id": "eipassoc-04499e3e40d24f45a",
            "carrier_ip": "",
            "customer_owned_ip": "",
            "customer_owned_ipv4_pool": "",
            "domain": "vpc",
            "id": "eipalloc-0869143b4965c3087",
            "instance": "i-06bacc735a1f3dd07",
            "network_border_group": "eu-central-1",
            "network_interface": "eni-089e5bc4a651c5167",
            "private_dns": "ip-172-16-10-100.eu-central-1.compute.internal",
            "private_ip": "172.16.10.100",
            "public_dns": "ec2-3-65-138-14.eu-central-1.compute.amazonaws.com",
            "public_ip": "3.65.138.14",
            "public_ipv4_pool": "amazon",
            "tags": null,
            "tags_all": {},
            "timeouts": null,
            "vpc": true
          },
          "sensitive_attributes": [],
          "private": "eyJlMmJmYjczMC1lY2FhLTExZTYtOGY4OC0zNDM2M2JjN2M0YzAiOnsiZGVsZXRlIjoxODAwMDAwMDAwMDAsInJlYWQiOjkwMDAwMDAwMDAwMCwidXBkYXRlIjozMDAwMDAwMDAwMDB9fQ==",
          "dependencies": [
            "aws_iam_instance_profile.cloud_watch_agent_profile",
            "aws_instance.ec2",
            "aws_key_pair.root",
            "aws_network_interface.nic"
          ]
        }
      ]
    },
    {
      "mode": "managed",
      "type": "aws_iam_instance_profile",
      "name": "cloud_watch_agent_profile",
      "provider": "provider[\"registry.terraform.io/hashicorp/aws\"]",
      "instances": [
        {
          "schema_version": 0,
          "attributes": {
            "arn": "arn:aws:iam::584871003262:instance-profile/CloudWatchAgentServer",
            "create_date": "2022-12-19T21:19:54Z",
            "id": "CloudWatchAgentServer",
            "name": "CloudWatchAgentServer",
            "name_prefix": null,
            "path": "/",
            "role": "CloudWatchAgentServerRole",
            "tags": null,
            "tags_all": {},
            "unique_id": "AIPAYQLIHIR7EV7BJIFL5"
          },
          "sensitive_attributes": [],
          "private": "bnVsbA=="
        }
      ]
    },
    {
      "mode": "managed",
      "type": "aws_instance",
      "name": "ec2",
      "provider": "provider[\"registry.terraform.io/hashicorp/aws\"]",
      "instances": [
        {
          "schema_version": 1,
          "attributes": {
            "ami": "ami-087924c9e0410af37",
            "arn": "arn:aws:ec2:eu-central-1:584871003262:instance/i-06bacc735a1f3dd07",
            "associate_public_ip_address": false,
            "availability_zone": "eu-central-1a",
            "capacity_reservation_specification": [
              {
                "capacity_reservation_preference": "open",
                "capacity_reservation_target": []
              }
            ],
            "cpu_core_count": 2,
            "cpu_threads_per_core": 1,
            "credit_specification": [
              {
                "cpu_credits": "unlimited"
              }
            ],
            "disable_api_stop": false,
            "disable_api_termination": false,
            "ebs_block_device": [],
            "ebs_optimized": false,
            "enclave_options": [
              {
                "enabled": false
              }
            ],
            "ephemeral_block_device": [],
            "get_password_data": false,
            "hibernation": false,
            "host_id": null,
            "host_resource_group_arn": null,
            "iam_instance_profile": "CloudWatchAgentServer",
            "id": "i-06bacc735a1f3dd07",
            "instance_initiated_shutdown_behavior": "stop",
            "instance_state": "running",
            "instance_type": "t4g.micro",
            "ipv6_address_count": 0,
            "ipv6_addresses": [],
            "key_name": "termite-cloud-infrastructure-root-key",
            "launch_template": [],
            "maintenance_options": [
              {
                "auto_recovery": "default"
              }
            ],
            "metadata_options": [
              {
                "http_endpoint": "enabled",
                "http_put_response_hop_limit": 1,
                "http_tokens": "optional",
                "instance_metadata_tags": "disabled"
              }
            ],
            "monitoring": false,
            "network_interface": [
              {
                "delete_on_termination": false,
                "device_index": 0,
                "network_card_index": 0,
                "network_interface_id": "eni-089e5bc4a651c5167"
              }
            ],
            "outpost_arn": "",
            "password_data": "",
            "placement_group": "",
            "placement_partition_number": null,
            "primary_network_interface_id": "eni-089e5bc4a651c5167",
            "private_dns": "ip-172-16-10-100.eu-central-1.compute.internal",
            "private_dns_name_options": [
              {
                "enable_resource_name_dns_a_record": false,
                "enable_resource_name_dns_aaaa_record": false,
                "hostname_type": "ip-name"
              }
            ],
            "private_ip": "172.16.10.100",
            "public_dns": "",
            "public_ip": "",
            "root_block_device": [
              {
                "delete_on_termination": true,
                "device_name": "/dev/xvda",
                "encrypted": false,
                "iops": 3000,
                "kms_key_id": "",
                "tags": {
                  "Name": "termite-cloud-infrastructure"
                },
                "throughput": 125,
                "volume_id": "vol-01e4020341666bf0a",
                "volume_size": 10,
                "volume_type": "gp3"
              }
            ],
            "secondary_private_ips": [],
            "security_groups": [],
            "source_dest_check": true,
            "subnet_id": "subnet-0249bfd3f17420964",
            "tags": {
              "Name": "termite-cloud-infrastructure"
            },
            "tags_all": {
              "Name": "termite-cloud-infrastructure"
            },
            "tenancy": "default",
            "timeouts": null,
            "user_data": null,
            "user_data_base64": null,
            "user_data_replace_on_change": false,
            "volume_tags": null,
            "vpc_security_group_ids": [
              "sg-03246eb9ed2534243"
            ]
          },
          "sensitive_attributes": [],
          "private": "eyJlMmJmYjczMC1lY2FhLTExZTYtOGY4OC0zNDM2M2JjN2M0YzAiOnsiY3JlYXRlIjo2MDAwMDAwMDAwMDAsImRlbGV0ZSI6MTIwMDAwMDAwMDAwMCwidXBkYXRlIjo2MDAwMDAwMDAwMDB9LCJzY2hlbWFfdmVyc2lvbiI6IjEifQ==",
          "dependencies": [
            "aws_iam_instance_profile.cloud_watch_agent_profile",
            "aws_key_pair.root",
            "aws_network_interface.nic"
          ]
        }
      ]
    },
    {
      "mode": "managed",
      "type": "aws_internet_gateway",
      "name": "gw",
      "provider": "provider[\"registry.terraform.io/hashicorp/aws\"]",
      "instances": [
        {
          "schema_version": 0,
          "attributes": {
            "arn": "arn:aws:ec2:eu-central-1:584871003262:internet-gateway/igw-0a9a95fd885252e14",
            "id": "igw-0a9a95fd885252e14",
            "owner_id": "584871003262",
            "tags": {
              "Name": "termite-cloud-infrastructure"
            },
            "tags_all": {
              "Name": "termite-cloud-infrastructure"
            },
            "timeouts": null,
            "vpc_id": "vpc-04913d853613b5122"
          },
          "sensitive_attributes": [],
          "private": "eyJlMmJmYjczMC1lY2FhLTExZTYtOGY4OC0zNDM2M2JjN2M0YzAiOnsiY3JlYXRlIjoxMjAwMDAwMDAwMDAwLCJkZWxldGUiOjEyMDAwMDAwMDAwMDAsInVwZGF0ZSI6MTIwMDAwMDAwMDAwMH19",
          "dependencies": [
            "aws_vpc.vpc"
          ]
        }
      ]
    },
    {
      "mode": "managed",
      "type": "aws_key_pair",
      "name": "root",
      "provider": "provider[\"registry.terraform.io/hashicorp/aws\"]",
      "instances": [
        {
          "schema_version": 1,
          "attributes": {
            "arn": "arn:aws:ec2:eu-central-1:584871003262:key-pair/termite-cloud-infrastructure-root-key",
            "fingerprint": "98:f8:56:9c:51:5a:7f:e1:9b:92:12:8f:d1:a7:09:d8",
            "id": "termite-cloud-infrastructure-root-key",
            "key_name": "termite-cloud-infrastructure-root-key",
            "key_name_prefix": "",
            "key_pair_id": "key-034d045b235bd1ea4",
            "key_type": "rsa",
            "public_key": "ssh-rsa AAAAB3NzaC1yc2EAAAADAQABAAABgQDJawwzGWklAOyrVWO46zAXbA6V9lhGf6lS9Hz+6uDjYyuNNcPqIfBTj5mSEFDcpTtUDiYe5msaAA9k4rAmbQOh1MQB+E0R8SHbI/K5StXI1aI2JYSKMOJOLyaK2JlBKYe4dTH9rKr61h7KkcVI+HuIvnB92gtkoxDLDxGiWqv5BB/EQ1gEF4T0KkwYqxrdNdrXBRXvAgFm7Iripqs1+9u5Di02MNnkPyCyZefhHYakQZ/FT/pXOQP4lRevOi9z3/JZ8ULp6vub9jqXh/bmUVrUhqtsc4IjTs7Ezy8SHqg8ka0ikfhzuMqp9VHJpDhGv0HAVOuzNqAHBxDm2oBi7yu5c9oLP3kDQJvKBt347NGRxbrx3KPtS5Zox4A6qjGAZ2rb7saC49pTf2EyY8CrlaNUfOa9lddH+kComKonhv48/MJq6VXQtX+zJCVLamoCEfIlylTfRRdcZiuGXQD53hH8o5J8AT8hefd8DLzh4J/zU4EIFYJXqLelXuZ5t8drEUU= pedroars@MacBook-Pro-de-Pedro.local",
            "tags": {},
            "tags_all": {}
          },
          "sensitive_attributes": [],
          "private": "eyJzY2hlbWFfdmVyc2lvbiI6IjEifQ=="
        }
      ]
    },
    {
      "mode": "managed",
      "type": "aws_network_interface",
      "name": "nic",
      "provider": "provider[\"registry.terraform.io/hashicorp/aws\"]",
      "instances": [
        {
          "schema_version": 0,
          "attributes": {
            "arn": "arn:aws:ec2:eu-central-1:584871003262:network-interface/eni-089e5bc4a651c5167",
            "attachment": [],
            "description": "",
            "id": "eni-089e5bc4a651c5167",
            "interface_type": "interface",
            "ipv4_prefix_count": 0,
            "ipv4_prefixes": [],
            "ipv6_address_count": 0,
            "ipv6_address_list": [],
            "ipv6_address_list_enabled": false,
            "ipv6_addresses": [],
            "ipv6_prefix_count": 0,
            "ipv6_prefixes": [],
            "mac_address": "02:43:06:cc:f9:8a",
            "outpost_arn": "",
            "owner_id": "584871003262",
            "private_dns_name": "",
            "private_ip": "172.16.10.100",
            "private_ip_list": [
              "172.16.10.100"
            ],
            "private_ip_list_enabled": false,
            "private_ips": [
              "172.16.10.100"
            ],
            "private_ips_count": 0,
            "security_groups": [
              "sg-03246eb9ed2534243"
            ],
            "source_dest_check": true,
            "subnet_id": "subnet-0249bfd3f17420964",
            "tags": {
              "Name": "termite-cloud-infrastructure"
            },
            "tags_all": {
              "Name": "termite-cloud-infrastructure"
            }
          },
          "sensitive_attributes": [],
          "private": "bnVsbA==",
          "dependencies": [
            "aws_security_group.allow_ssh",
            "aws_subnet.subnet",
            "aws_vpc.vpc"
          ]
        }
      ]
    },
    {
      "mode": "managed",
      "type": "aws_route_table",
      "name": "main_rt",
      "provider": "provider[\"registry.terraform.io/hashicorp/aws\"]",
      "instances": [
        {
          "schema_version": 0,
          "attributes": {
            "arn": "arn:aws:ec2:eu-central-1:584871003262:route-table/rtb-002de011e56d7427c",
            "id": "rtb-002de011e56d7427c",
            "owner_id": "584871003262",
            "propagating_vgws": [],
            "route": [
              {
                "carrier_gateway_id": "",
                "cidr_block": "0.0.0.0/0",
                "core_network_arn": "",
                "destination_prefix_list_id": "",
                "egress_only_gateway_id": "",
                "gateway_id": "igw-0a9a95fd885252e14",
                "instance_id": "",
                "ipv6_cidr_block": "",
                "local_gateway_id": "",
                "nat_gateway_id": "",
                "network_interface_id": "",
                "transit_gateway_id": "",
                "vpc_endpoint_id": "",
                "vpc_peering_connection_id": ""
              }
            ],
            "tags": {
              "Name": "termite-cloud-infrastructure"
            },
            "tags_all": {
              "Name": "termite-cloud-infrastructure"
            },
            "timeouts": null,
            "vpc_id": "vpc-04913d853613b5122"
          },
          "sensitive_attributes": [],
          "private": "eyJlMmJmYjczMC1lY2FhLTExZTYtOGY4OC0zNDM2M2JjN2M0YzAiOnsiY3JlYXRlIjozMDAwMDAwMDAwMDAsImRlbGV0ZSI6MzAwMDAwMDAwMDAwLCJ1cGRhdGUiOjEyMDAwMDAwMDAwMH19",
          "dependencies": [
            "aws_internet_gateway.gw",
            "aws_vpc.vpc"
          ]
        }
      ]
    },
    {
      "mode": "managed",
      "type": "aws_route_table_association",
      "name": "tch_rt_association",
      "provider": "provider[\"registry.terraform.io/hashicorp/aws\"]",
      "instances": [
        {
          "schema_version": 0,
          "attributes": {
            "gateway_id": "",
            "id": "rtbassoc-0254a39f0850c82c2",
            "route_table_id": "rtb-002de011e56d7427c",
            "subnet_id": "subnet-0249bfd3f17420964"
          },
          "sensitive_attributes": [],
          "private": "bnVsbA==",
          "dependencies": [
            "aws_internet_gateway.gw",
            "aws_route_table.main_rt",
            "aws_subnet.subnet",
            "aws_vpc.vpc"
          ]
        }
      ]
    },
    {
      "mode": "managed",
      "type": "aws_security_group",
      "name": "allow_ssh",
      "provider": "provider[\"registry.terraform.io/hashicorp/aws\"]",
      "instances": [
        {
          "schema_version": 1,
          "attributes": {
            "arn": "arn:aws:ec2:eu-central-1:584871003262:security-group/sg-03246eb9ed2534243",
            "description": "Allow SSH inbound traffic",
            "egress": [
              {
                "cidr_blocks": [
                  "0.0.0.0/0"
                ],
                "description": "",
                "from_port": 0,
                "ipv6_cidr_blocks": [
                  "::/0"
                ],
                "prefix_list_ids": [],
                "protocol": "-1",
                "security_groups": [],
                "self": false,
                "to_port": 0
              }
            ],
            "id": "sg-03246eb9ed2534243",
            "ingress": [
              {
                "cidr_blocks": [
                  "0.0.0.0/0"
                ],
                "description": "SSH from VPC",
                "from_port": 22,
                "ipv6_cidr_blocks": [],
                "prefix_list_ids": [],
                "protocol": "tcp",
                "security_groups": [],
                "self": false,
                "to_port": 22
              }
            ],
            "name": "allow_ssh",
            "name_prefix": "",
            "owner_id": "584871003262",
            "revoke_rules_on_delete": false,
            "tags": {
              "Name": "allow_ssh"
            },
            "tags_all": {
              "Name": "allow_ssh"
            },
            "timeouts": null,
            "vpc_id": "vpc-04913d853613b5122"
          },
          "sensitive_attributes": [],
          "private": "eyJlMmJmYjczMC1lY2FhLTExZTYtOGY4OC0zNDM2M2JjN2M0YzAiOnsiY3JlYXRlIjo2MDAwMDAwMDAwMDAsImRlbGV0ZSI6OTAwMDAwMDAwMDAwfSwic2NoZW1hX3ZlcnNpb24iOiIxIn0=",
          "dependencies": [
            "aws_vpc.vpc"
          ]
        }
      ]
    },
    {
      "mode": "managed",
      "type": "aws_subnet",
      "name": "subnet",
      "provider": "provider[\"registry.terraform.io/hashicorp/aws\"]",
      "instances": [
        {
          "schema_version": 1,
          "attributes": {
            "arn": "arn:aws:ec2:eu-central-1:584871003262:subnet/subnet-0249bfd3f17420964",
            "assign_ipv6_address_on_creation": false,
            "availability_zone": "eu-central-1a",
            "availability_zone_id": "euc1-az2",
            "cidr_block": "172.16.10.0/24",
            "customer_owned_ipv4_pool": "",
            "enable_dns64": false,
            "enable_resource_name_dns_a_record_on_launch": false,
            "enable_resource_name_dns_aaaa_record_on_launch": false,
            "id": "subnet-0249bfd3f17420964",
            "ipv6_cidr_block": "",
            "ipv6_cidr_block_association_id": "",
            "ipv6_native": false,
            "map_customer_owned_ip_on_launch": false,
            "map_public_ip_on_launch": false,
            "outpost_arn": "",
            "owner_id": "584871003262",
            "private_dns_hostname_type_on_launch": "ip-name",
            "tags": {
              "Name": "termite-cloud-infrastructure"
            },
            "tags_all": {
              "Name": "termite-cloud-infrastructure"
            },
            "timeouts": null,
            "vpc_id": "vpc-04913d853613b5122"
          },
          "sensitive_attributes": [],
          "private": "eyJlMmJmYjczMC1lY2FhLTExZTYtOGY4OC0zNDM2M2JjN2M0YzAiOnsiY3JlYXRlIjo2MDAwMDAwMDAwMDAsImRlbGV0ZSI6MTIwMDAwMDAwMDAwMH0sInNjaGVtYV92ZXJzaW9uIjoiMSJ9",
          "dependencies": [
            "aws_vpc.vpc"
          ]
        }
      ]
    },
    {
      "mode": "managed",
      "type": "aws_vpc",
      "name": "vpc",
      "provider": "provider[\"registry.terraform.io/hashicorp/aws\"]",
      "instances": [
        {
          "schema_version": 1,
          "attributes": {
            "arn": "arn:aws:ec2:eu-central-1:584871003262:vpc/vpc-04913d853613b5122",
            "assign_generated_ipv6_cidr_block": false,
            "cidr_block": "172.16.0.0/16",
            "default_network_acl_id": "acl-093049bed3da66a7f",
            "default_route_table_id": "rtb-06f6fc491ceac35a6",
            "default_security_group_id": "sg-033904a123b4be609",
            "dhcp_options_id": "dopt-0d918768184a27df4",
            "enable_classiclink": false,
            "enable_classiclink_dns_support": false,
            "enable_dns_hostnames": false,
            "enable_dns_support": true,
            "enable_network_address_usage_metrics": false,
            "id": "vpc-04913d853613b5122",
            "instance_tenancy": "default",
            "ipv4_ipam_pool_id": null,
            "ipv4_netmask_length": null,
            "ipv6_association_id": "",
            "ipv6_cidr_block": "",
            "ipv6_cidr_block_network_border_group": "",
            "ipv6_ipam_pool_id": "",
            "ipv6_netmask_length": 0,
            "main_route_table_id": "rtb-06f6fc491ceac35a6",
            "owner_id": "584871003262",
            "tags": {
              "Name": "termite-cloud-infrastructure"
            },
            "tags_all": {
              "Name": "termite-cloud-infrastructure"
            }
          },
          "sensitive_attributes": [],
          "private": "eyJzY2hlbWFfdmVyc2lvbiI6IjEifQ=="
        }
      ]
    }
  ],
  "check_results": null
}
